
Microsoft Visual Studio Solution File, Format Version 12.00
# Visual Studio 15
VisualStudioVersion = 15.0.28307.489
MinimumVisualStudioVersion = 10.0.40219.1
Project("{FAE04EC0-301F-11D3-BF4B-00C04F79EFBC}") = "kiloutou", "kiloutou\kiloutou.csproj", "{2429F4D7-4C94-47FC-B781-05A68BD110C8}"
EndProject
Global
	GlobalSection(SolutionConfigurationPlatforms) = preSolution
		Debug|Any CPU = Debug|Any CPU
		Release|Any CPU = Release|Any CPU
	EndGlobalSection
	GlobalSection(ProjectConfigurationPlatforms) = postSolution
		{2429F4D7-4C94-47FC-B781-05A68BD110C8}.Debug|Any CPU.ActiveCfg = Debug|Any CPU
		{2429F4D7-4C94-47FC-B781-05A68BD110C8}.Debug|Any CPU.Build.0 = Debug|Any CPU
		{2429F4D7-4C94-47FC-B781-05A68BD110C8}.Release|Any CPU.ActiveCfg = Release|Any CPU
		{2429F4D7-4C94-47FC-B781-05A68BD110C8}.Release|Any CPU.Build.0 = Release|Any CPU
	EndGlobalSection
	GlobalSection(SolutionProperties) = preSolution
		HideSolutionNode = FALSE
	EndGlobalSection
	GlobalSection(ExtensibilityGlobals) = postSolution
		SolutionGuid = {A36BB9B6-D1C4-4006-B2C2-CCA869D34964}
	EndGlobalSection
EndGlobal
